
Microsoft Visual Studio Solution File, Format Version 12.00
# Visual Studio Version 16
VisualStudioVersion = 16.0.29215.179
MinimumVisualStudioVersion = 10.0.40219.1
Project("{9A19103F-16F7-4668-BE54-9A1E7A4F7556}") = "Droplet.Core.Inp", "src\Droplet.Core.Inp\Droplet.Core.Inp.csproj", "{D9EB4005-283C-46FC-BC80-C9ED15B6AD44}"
EndProject
Project("{FAE04EC0-301F-11D3-BF4B-00C04F79EFBC}") = "Droplet.Core", "src\Droplet.Core\Droplet.Core.csproj", "{78F13640-31C7-448B-BE58-D6B57A073C61}"
EndProject
Project("{FAE04EC0-301F-11D3-BF4B-00C04F79EFBC}") = "Droplet.WindowsApp", "src\Droplet.WindowsApp\Droplet.WindowsApp.csproj", "{FDEAC81F-4CC1-4A79-B49C-ECA728F26516}"
EndProject
Project("{2150E333-8FDC-42A3-9474-1A3956D46DE8}") = "Core", "Core", "{8362A7A8-8FBE-4898-991F-E5A886EBAEB1}"
EndProject
Project("{8BC9CEB8-8B4A-11D0-8D11-00A0C91BC942}") = "Droplet.Core.Engine", "src\Droplet.Core.Engine\Droplet.Core.Engine.vcxproj", "{A550B803-BB90-4E94-9E7E-4FA535D8F5AE}"
EndProject
Project("{FAE04EC0-301F-11D3-BF4B-00C04F79EFBC}") = "Droplet.Core.Inp.Tests", "tests\Droplet.Core.Inp.Tests\Droplet.Core.Inp.Tests.csproj", "{F7BE4860-5FAE-439A-B4CC-8B88525703C8}"
EndProject
Project("{2150E333-8FDC-42A3-9474-1A3956D46DE8}") = "Tests", "Tests", "{B2FCC2D7-A142-4F25-847D-78C9D19F7945}"
EndProject
Project("{FAE04EC0-301F-11D3-BF4B-00C04F79EFBC}") = "Droplet.Core.Tests", "tests\Droplet.Core.Tests\Droplet.Core.Tests.csproj", "{D5EC3130-E7BE-40A0-900E-D4638215B8A9}"
EndProject
Global
	GlobalSection(SolutionConfigurationPlatforms) = preSolution
		Debug|Any CPU = Debug|Any CPU
		Debug|x64 = Debug|x64
		Debug|x86 = Debug|x86
		Release|Any CPU = Release|Any CPU
		Release|x64 = Release|x64
		Release|x86 = Release|x86
	EndGlobalSection
	GlobalSection(ProjectConfigurationPlatforms) = postSolution
		{D9EB4005-283C-46FC-BC80-C9ED15B6AD44}.Debug|Any CPU.ActiveCfg = Debug|Any CPU
		{D9EB4005-283C-46FC-BC80-C9ED15B6AD44}.Debug|Any CPU.Build.0 = Debug|Any CPU
		{D9EB4005-283C-46FC-BC80-C9ED15B6AD44}.Debug|x64.ActiveCfg = Debug|Any CPU
		{D9EB4005-283C-46FC-BC80-C9ED15B6AD44}.Debug|x64.Build.0 = Debug|Any CPU
		{D9EB4005-283C-46FC-BC80-C9ED15B6AD44}.Debug|x86.ActiveCfg = Debug|Any CPU
		{D9EB4005-283C-46FC-BC80-C9ED15B6AD44}.Debug|x86.Build.0 = Debug|Any CPU
		{D9EB4005-283C-46FC-BC80-C9ED15B6AD44}.Release|Any CPU.ActiveCfg = Release|Any CPU
		{D9EB4005-283C-46FC-BC80-C9ED15B6AD44}.Release|Any CPU.Build.0 = Release|Any CPU
		{D9EB4005-283C-46FC-BC80-C9ED15B6AD44}.Release|x64.ActiveCfg = Release|Any CPU
		{D9EB4005-283C-46FC-BC80-C9ED15B6AD44}.Release|x64.Build.0 = Release|Any CPU
		{D9EB4005-283C-46FC-BC80-C9ED15B6AD44}.Release|x86.ActiveCfg = Release|Any CPU
		{D9EB4005-283C-46FC-BC80-C9ED15B6AD44}.Release|x86.Build.0 = Release|Any CPU
		{78F13640-31C7-448B-BE58-D6B57A073C61}.Debug|Any CPU.ActiveCfg = Debug|Any CPU
		{78F13640-31C7-448B-BE58-D6B57A073C61}.Debug|Any CPU.Build.0 = Debug|Any CPU
		{78F13640-31C7-448B-BE58-D6B57A073C61}.Debug|x64.ActiveCfg = Debug|Any CPU
		{78F13640-31C7-448B-BE58-D6B57A073C61}.Debug|x64.Build.0 = Debug|Any CPU
		{78F13640-31C7-448B-BE58-D6B57A073C61}.Debug|x86.ActiveCfg = Debug|Any CPU
		{78F13640-31C7-448B-BE58-D6B57A073C61}.Debug|x86.Build.0 = Debug|Any CPU
		{78F13640-31C7-448B-BE58-D6B57A073C61}.Release|Any CPU.ActiveCfg = Release|Any CPU
		{78F13640-31C7-448B-BE58-D6B57A073C61}.Release|Any CPU.Build.0 = Release|Any CPU
		{78F13640-31C7-448B-BE58-D6B57A073C61}.Release|x64.ActiveCfg = Release|Any CPU
		{78F13640-31C7-448B-BE58-D6B57A073C61}.Release|x64.Build.0 = Release|Any CPU
		{78F13640-31C7-448B-BE58-D6B57A073C61}.Release|x86.ActiveCfg = Release|Any CPU
		{78F13640-31C7-448B-BE58-D6B57A073C61}.Release|x86.Build.0 = Release|Any CPU
		{FDEAC81F-4CC1-4A79-B49C-ECA728F26516}.Debug|Any CPU.ActiveCfg = Debug|Any CPU
		{FDEAC81F-4CC1-4A79-B49C-ECA728F26516}.Debug|Any CPU.Build.0 = Debug|Any CPU
		{FDEAC81F-4CC1-4A79-B49C-ECA728F26516}.Debug|x64.ActiveCfg = Debug|Any CPU
		{FDEAC81F-4CC1-4A79-B49C-ECA728F26516}.Debug|x64.Build.0 = Debug|Any CPU
		{FDEAC81F-4CC1-4A79-B49C-ECA728F26516}.Debug|x86.ActiveCfg = Debug|Any CPU
		{FDEAC81F-4CC1-4A79-B49C-ECA728F26516}.Debug|x86.Build.0 = Debug|Any CPU
		{FDEAC81F-4CC1-4A79-B49C-ECA728F26516}.Release|Any CPU.ActiveCfg = Release|Any CPU
		{FDEAC81F-4CC1-4A79-B49C-ECA728F26516}.Release|Any CPU.Build.0 = Release|Any CPU
		{FDEAC81F-4CC1-4A79-B49C-ECA728F26516}.Release|x64.ActiveCfg = Release|Any CPU
		{FDEAC81F-4CC1-4A79-B49C-ECA728F26516}.Release|x64.Build.0 = Release|Any CPU
		{FDEAC81F-4CC1-4A79-B49C-ECA728F26516}.Release|x86.ActiveCfg = Release|Any CPU
		{FDEAC81F-4CC1-4A79-B49C-ECA728F26516}.Release|x86.Build.0 = Release|Any CPU
		{A550B803-BB90-4E94-9E7E-4FA535D8F5AE}.Debug|Any CPU.ActiveCfg = Debug|Win32
		{A550B803-BB90-4E94-9E7E-4FA535D8F5AE}.Debug|x64.ActiveCfg = Debug|x64
		{A550B803-BB90-4E94-9E7E-4FA535D8F5AE}.Debug|x64.Build.0 = Debug|x64
		{A550B803-BB90-4E94-9E7E-4FA535D8F5AE}.Debug|x86.ActiveCfg = Debug|Win32
		{A550B803-BB90-4E94-9E7E-4FA535D8F5AE}.Debug|x86.Build.0 = Debug|Win32
		{A550B803-BB90-4E94-9E7E-4FA535D8F5AE}.Release|Any CPU.ActiveCfg = Release|Win32
		{A550B803-BB90-4E94-9E7E-4FA535D8F5AE}.Release|x64.ActiveCfg = Release|x64
		{A550B803-BB90-4E94-9E7E-4FA535D8F5AE}.Release|x64.Build.0 = Release|x64
		{A550B803-BB90-4E94-9E7E-4FA535D8F5AE}.Release|x86.ActiveCfg = Release|Win32
		{A550B803-BB90-4E94-9E7E-4FA535D8F5AE}.Release|x86.Build.0 = Release|Win32
		{F7BE4860-5FAE-439A-B4CC-8B88525703C8}.Debug|Any CPU.ActiveCfg = Debug|Any CPU
		{F7BE4860-5FAE-439A-B4CC-8B88525703C8}.Debug|Any CPU.Build.0 = Debug|Any CPU
		{F7BE4860-5FAE-439A-B4CC-8B88525703C8}.Debug|x64.ActiveCfg = Debug|Any CPU
		{F7BE4860-5FAE-439A-B4CC-8B88525703C8}.Debug|x64.Build.0 = Debug|Any CPU
		{F7BE4860-5FAE-439A-B4CC-8B88525703C8}.Debug|x86.ActiveCfg = Debug|Any CPU
		{F7BE4860-5FAE-439A-B4CC-8B88525703C8}.Debug|x86.Build.0 = Debug|Any CPU
		{F7BE4860-5FAE-439A-B4CC-8B88525703C8}.Release|Any CPU.ActiveCfg = Release|Any CPU
		{F7BE4860-5FAE-439A-B4CC-8B88525703C8}.Release|Any CPU.Build.0 = Release|Any CPU
		{F7BE4860-5FAE-439A-B4CC-8B88525703C8}.Release|x64.ActiveCfg = Release|Any CPU
		{F7BE4860-5FAE-439A-B4CC-8B88525703C8}.Release|x64.Build.0 = Release|Any CPU
		{F7BE4860-5FAE-439A-B4CC-8B88525703C8}.Release|x86.ActiveCfg = Release|Any CPU
		{F7BE4860-5FAE-439A-B4CC-8B88525703C8}.Release|x86.Build.0 = Release|Any CPU
		{D5EC3130-E7BE-40A0-900E-D4638215B8A9}.Debug|Any CPU.ActiveCfg = Debug|Any CPU
		{D5EC3130-E7BE-40A0-900E-D4638215B8A9}.Debug|Any CPU.Build.0 = Debug|Any CPU
		{D5EC3130-E7BE-40A0-900E-D4638215B8A9}.Debug|x64.ActiveCfg = Debug|Any CPU
		{D5EC3130-E7BE-40A0-900E-D4638215B8A9}.Debug|x64.Build.0 = Debug|Any CPU
		{D5EC3130-E7BE-40A0-900E-D4638215B8A9}.Debug|x86.ActiveCfg = Debug|Any CPU
		{D5EC3130-E7BE-40A0-900E-D4638215B8A9}.Debug|x86.Build.0 = Debug|Any CPU
		{D5EC3130-E7BE-40A0-900E-D4638215B8A9}.Release|Any CPU.ActiveCfg = Release|Any CPU
		{D5EC3130-E7BE-40A0-900E-D4638215B8A9}.Release|Any CPU.Build.0 = Release|Any CPU
		{D5EC3130-E7BE-40A0-900E-D4638215B8A9}.Release|x64.ActiveCfg = Release|Any CPU
		{D5EC3130-E7BE-40A0-900E-D4638215B8A9}.Release|x64.Build.0 = Release|Any CPU
		{D5EC3130-E7BE-40A0-900E-D4638215B8A9}.Release|x86.ActiveCfg = Release|Any CPU
		{D5EC3130-E7BE-40A0-900E-D4638215B8A9}.Release|x86.Build.0 = Release|Any CPU
	EndGlobalSection
	GlobalSection(SolutionProperties) = preSolution
		HideSolutionNode = FALSE
	EndGlobalSection
	GlobalSection(NestedProjects) = preSolution
		{D9EB4005-283C-46FC-BC80-C9ED15B6AD44} = {8362A7A8-8FBE-4898-991F-E5A886EBAEB1}
		{78F13640-31C7-448B-BE58-D6B57A073C61} = {8362A7A8-8FBE-4898-991F-E5A886EBAEB1}
		{A550B803-BB90-4E94-9E7E-4FA535D8F5AE} = {8362A7A8-8FBE-4898-991F-E5A886EBAEB1}
		{F7BE4860-5FAE-439A-B4CC-8B88525703C8} = {B2FCC2D7-A142-4F25-847D-78C9D19F7945}
		{D5EC3130-E7BE-40A0-900E-D4638215B8A9} = {B2FCC2D7-A142-4F25-847D-78C9D19F7945}
	EndGlobalSection
	GlobalSection(ExtensibilityGlobals) = postSolution
		SolutionGuid = {82A1F372-4916-4006-ABF8-E4FA4D867BF4}
	EndGlobalSection
EndGlobal
