
Microsoft Visual Studio Solution File, Format Version 12.00
# Visual Studio Version 16
VisualStudioVersion = 16.0.29215.179
MinimumVisualStudioVersion = 10.0.40219.1
Project("{9A19103F-16F7-4668-BE54-9A1E7A4F7556}") = "Droplet.Core.Inp", "src\Droplet.Core.Inp\Droplet.Core.Inp.csproj", "{D9EB4005-283C-46FC-BC80-C9ED15B6AD44}"
EndProject
Project("{FAE04EC0-301F-11D3-BF4B-00C04F79EFBC}") = "Droplet.Core", "src\Droplet.Core\Droplet.Core.csproj", "{78F13640-31C7-448B-BE58-D6B57A073C61}"
EndProject
Project("{FAE04EC0-301F-11D3-BF4B-00C04F79EFBC}") = "Droplet.WindowsApp", "src\Droplet.WindowsApp\Droplet.WindowsApp.csproj", "{FDEAC81F-4CC1-4A79-B49C-ECA728F26516}"
EndProject
Project("{2150E333-8FDC-42A3-9474-1A3956D46DE8}") = "Core", "Core", "{8362A7A8-8FBE-4898-991F-E5A886EBAEB1}"
EndProject
Global
	GlobalSection(SolutionConfigurationPlatforms) = preSolution
		Debug|Any CPU = Debug|Any CPU
		Release|Any CPU = Release|Any CPU
	EndGlobalSection
	GlobalSection(ProjectConfigurationPlatforms) = postSolution
		{D9EB4005-283C-46FC-BC80-C9ED15B6AD44}.Debug|Any CPU.ActiveCfg = Debug|Any CPU
		{D9EB4005-283C-46FC-BC80-C9ED15B6AD44}.Debug|Any CPU.Build.0 = Debug|Any CPU
		{D9EB4005-283C-46FC-BC80-C9ED15B6AD44}.Release|Any CPU.ActiveCfg = Release|Any CPU
		{D9EB4005-283C-46FC-BC80-C9ED15B6AD44}.Release|Any CPU.Build.0 = Release|Any CPU
		{78F13640-31C7-448B-BE58-D6B57A073C61}.Debug|Any CPU.ActiveCfg = Debug|Any CPU
		{78F13640-31C7-448B-BE58-D6B57A073C61}.Debug|Any CPU.Build.0 = Debug|Any CPU
		{78F13640-31C7-448B-BE58-D6B57A073C61}.Release|Any CPU.ActiveCfg = Release|Any CPU
		{78F13640-31C7-448B-BE58-D6B57A073C61}.Release|Any CPU.Build.0 = Release|Any CPU
		{FDEAC81F-4CC1-4A79-B49C-ECA728F26516}.Debug|Any CPU.ActiveCfg = Debug|Any CPU
		{FDEAC81F-4CC1-4A79-B49C-ECA728F26516}.Debug|Any CPU.Build.0 = Debug|Any CPU
		{FDEAC81F-4CC1-4A79-B49C-ECA728F26516}.Release|Any CPU.ActiveCfg = Release|Any CPU
		{FDEAC81F-4CC1-4A79-B49C-ECA728F26516}.Release|Any CPU.Build.0 = Release|Any CPU
	EndGlobalSection
	GlobalSection(SolutionProperties) = preSolution
		HideSolutionNode = FALSE
	EndGlobalSection
	GlobalSection(NestedProjects) = preSolution
		{D9EB4005-283C-46FC-BC80-C9ED15B6AD44} = {8362A7A8-8FBE-4898-991F-E5A886EBAEB1}
		{78F13640-31C7-448B-BE58-D6B57A073C61} = {8362A7A8-8FBE-4898-991F-E5A886EBAEB1}
	EndGlobalSection
	GlobalSection(ExtensibilityGlobals) = postSolution
		SolutionGuid = {82A1F372-4916-4006-ABF8-E4FA4D867BF4}
	EndGlobalSection
EndGlobal
